// !$*UTF8*$!
{
	archiveVersion = 1;
	classes = {
	};
	objectVersion = 60;
	objects = {

/* Begin PBXBuildFile section */
		8A0000012C0A000100000001 /* MacPilotApp.swift in Sources */ = {isa = PBXBuildFile; fileRef = 8A0001012C0A000100000001 /* MacPilotApp.swift */; };
		8A0000022C0A000100000001 /* Lesson.swift in Sources */ = {isa = PBXBuildFile; fileRef = 8A0001022C0A000100000001 /* Lesson.swift */; };
		8A0000032C0A000100000001 /* UserProgress.swift in Sources */ = {isa = PBXBuildFile; fileRef = 8A0001032C0A000100000001 /* UserProgress.swift */; };
		8A0000042C0A000100000001 /* MockLessonData.swift in Sources */ = {isa = PBXBuildFile; fileRef = 8A0001042C0A000100000001 /* MockLessonData.swift */; };
		8A0000052C0A000100000001 /* SampleDataSeeder.swift in Sources */ = {isa = PBXBuildFile; fileRef = 8A0001052C0A000100000001 /* SampleDataSeeder.swift */; };
		8A0000062C0A000100000001 /* ContentView.swift in Sources */ = {isa = PBXBuildFile; fileRef = 8A0001062C0A000100000001 /* ContentView.swift */; };
		8A0000072C0A000100000001 /* HomeView.swift in Sources */ = {isa = PBXBuildFile; fileRef = 8A0001072C0A000100000001 /* HomeView.swift */; };
		8A0000082C0A000100000001 /* LessonListView.swift in Sources */ = {isa = PBXBuildFile; fileRef = 8A0001082C0A000100000001 /* LessonListView.swift */; };
		8A0000092C0A000100000001 /* LessonDetailView.swift in Sources */ = {isa = PBXBuildFile; fileRef = 8A0001092C0A000100000001 /* LessonDetailView.swift */; };
		8A00000A2C0A000100000001 /* ProgressView.swift in Sources */ = {isa = PBXBuildFile; fileRef = 8A00010A2C0A000100000001 /* ProgressView.swift */; };
		8A00000B2C0A000100000001 /* OnboardingView.swift in Sources */ = {isa = PBXBuildFile; fileRef = 8A00010B2C0A000100000001 /* OnboardingView.swift */; };
		8A00000C2C0A000100000001 /* CardView.swift in Sources */ = {isa = PBXBuildFile; fileRef = 8A00010C2C0A000100000001 /* CardView.swift */; };
		8A0000272C0A000100000001 /* AchievementService.swift in Sources */ = {isa = PBXBuildFile; fileRef = 8A0001272C0A000100000001 /* AchievementService.swift */; };
		8A0000252C0A000100000001 /* Achievement.swift in Sources */ = {isa = PBXBuildFile; fileRef = 8A0001252C0A000100000001 /* Achievement.swift */; };
		8A0000262C0A000100000001 /* ReviewItem.swift in Sources */ = {isa = PBXBuildFile; fileRef = 8A0001262C0A000100000001 /* ReviewItem.swift */; };
		8A0000232C0A000100000001 /* AchievementsView.swift in Sources */ = {isa = PBXBuildFile; fileRef = 8A0001232C0A000100000001 /* AchievementsView.swift */; };
		8A0000242C0A000100000001 /* ReviewCard.swift in Sources */ = {isa = PBXBuildFile; fileRef = 8A0001242C0A000100000001 /* ReviewCard.swift */; };
		8A0000212C0A000100000001 /* ConfettiView.swift in Sources */ = {isa = PBXBuildFile; fileRef = 8A0001212C0A000100000001 /* ConfettiView.swift */; };
		8A0000222C0A000100000001 /* ProgressRing.swift in Sources */ = {isa = PBXBuildFile; fileRef = 8A0001222C0A000100000001 /* ProgressRing.swift */; };
		8A0000282C0A000100000001 /* DesignSystem.swift in Sources */ = {isa = PBXBuildFile; fileRef = 8A0001282C0A000100000001 /* DesignSystem.swift */; };
		8A0000292C0A000100000001 /* CheatSheetView.swift in Sources */ = {isa = PBXBuildFile; fileRef = 8A0001292C0A000100000001 /* CheatSheetView.swift */; };
		8A00000D2C0A000100000001 /* Assets.xcassets in Resources */ = {isa = PBXBuildFile; fileRef = 8A00010D2C0A000100000001 /* Assets.xcassets */; };
		8A00000E2C0A000100000001 /* DashboardViewModel.swift in Sources */ = {isa = PBXBuildFile; fileRef = 8A00010F2C0A000100000001 /* DashboardViewModel.swift */; };
		8A00000F2C0A000100000001 /* LessonsViewModel.swift in Sources */ = {isa = PBXBuildFile; fileRef = 8A0001102C0A000100000001 /* LessonsViewModel.swift */; };
		8A0000112C0A000100000001 /* ProgressViewModel.swift in Sources */ = {isa = PBXBuildFile; fileRef = 8A0001112C0A000100000001 /* ProgressViewModel.swift */; };
		8A0000122C0A000100000001 /* SettingsViewModel.swift in Sources */ = {isa = PBXBuildFile; fileRef = 8A0001122C0A000100000001 /* SettingsViewModel.swift */; };
		8A0000132C0A000100000001 /* SettingsView.swift in Sources */ = {isa = PBXBuildFile; fileRef = 8A0001132C0A000100000001 /* SettingsView.swift */; };
/* End PBXBuildFile section */

/* Begin PBXFileReference section */
		8A0000102C0A000100000001 /* MacPilot.app */ = {isa = PBXFileReference; explicitFileType = wrapper.application; includeInIndex = 0; path = MacPilot.app; sourceTree = BUILT_PRODUCTS_DIR; };
		8A0001012C0A000100000001 /* MacPilotApp.swift */ = {isa = PBXFileReference; lastKnownFileType = sourcecode.swift; path = MacPilotApp.swift; sourceTree = "<group>"; };
		8A0001022C0A000100000001 /* Lesson.swift */ = {isa = PBXFileReference; lastKnownFileType = sourcecode.swift; path = Lesson.swift; sourceTree = "<group>"; };
		8A0001032C0A000100000001 /* UserProgress.swift */ = {isa = PBXFileReference; lastKnownFileType = sourcecode.swift; path = UserProgress.swift; sourceTree = "<group>"; };
		8A0001042C0A000100000001 /* MockLessonData.swift */ = {isa = PBXFileReference; lastKnownFileType = sourcecode.swift; path = MockLessonData.swift; sourceTree = "<group>"; };
		8A0001052C0A000100000001 /* SampleDataSeeder.swift */ = {isa = PBXFileReference; lastKnownFileType = sourcecode.swift; path = SampleDataSeeder.swift; sourceTree = "<group>"; };
		8A0001062C0A000100000001 /* ContentView.swift */ = {isa = PBXFileReference; lastKnownFileType = sourcecode.swift; path = ContentView.swift; sourceTree = "<group>"; };
		8A0001072C0A000100000001 /* HomeView.swift */ = {isa = PBXFileReference; lastKnownFileType = sourcecode.swift; path = HomeView.swift; sourceTree = "<group>"; };
		8A0001082C0A000100000001 /* LessonListView.swift */ = {isa = PBXFileReference; lastKnownFileType = sourcecode.swift; path = LessonListView.swift; sourceTree = "<group>"; };
		8A0001092C0A000100000001 /* LessonDetailView.swift */ = {isa = PBXFileReference; lastKnownFileType = sourcecode.swift; path = LessonDetailView.swift; sourceTree = "<group>"; };
		8A00010A2C0A000100000001 /* ProgressView.swift */ = {isa = PBXFileReference; lastKnownFileType = sourcecode.swift; path = ProgressView.swift; sourceTree = "<group>"; };
		8A00010B2C0A000100000001 /* OnboardingView.swift */ = {isa = PBXFileReference; lastKnownFileType = sourcecode.swift; path = OnboardingView.swift; sourceTree = "<group>"; };
		8A00010C2C0A000100000001 /* CardView.swift */ = {isa = PBXFileReference; lastKnownFileType = sourcecode.swift; path = CardView.swift; sourceTree = "<group>"; };
		8A0001272C0A000100000001 /* AchievementService.swift */ = {isa = PBXFileReference; lastKnownFileType = sourcecode.swift; path = AchievementService.swift; sourceTree = "<group>"; };
		8A0001252C0A000100000001 /* Achievement.swift */ = {isa = PBXFileReference; lastKnownFileType = sourcecode.swift; path = Achievement.swift; sourceTree = "<group>"; };
		8A0001262C0A000100000001 /* ReviewItem.swift */ = {isa = PBXFileReference; lastKnownFileType = sourcecode.swift; path = ReviewItem.swift; sourceTree = "<group>"; };
		8A0001232C0A000100000001 /* AchievementsView.swift */ = {isa = PBXFileReference; lastKnownFileType = sourcecode.swift; path = AchievementsView.swift; sourceTree = "<group>"; };
		8A0001242C0A000100000001 /* ReviewCard.swift */ = {isa = PBXFileReference; lastKnownFileType = sourcecode.swift; path = ReviewCard.swift; sourceTree = "<group>"; };
		8A0001212C0A000100000001 /* ConfettiView.swift */ = {isa = PBXFileReference; lastKnownFileType = sourcecode.swift; path = ConfettiView.swift; sourceTree = "<group>"; };
		8A0001222C0A000100000001 /* ProgressRing.swift */ = {isa = PBXFileReference; lastKnownFileType = sourcecode.swift; path = ProgressRing.swift; sourceTree = "<group>"; };
		8A0001282C0A000100000001 /* DesignSystem.swift */ = {isa = PBXFileReference; lastKnownFileType = sourcecode.swift; path = DesignSystem.swift; sourceTree = "<group>"; };
		8A0001292C0A000100000001 /* CheatSheetView.swift */ = {isa = PBXFileReference; lastKnownFileType = sourcecode.swift; path = CheatSheetView.swift; sourceTree = "<group>"; };
		8A00010D2C0A000100000001 /* Assets.xcassets */ = {isa = PBXFileReference; lastKnownFileType = folder.assetcatalog; path = Assets.xcassets; sourceTree = "<group>"; };
		8A00010E2C0A000100000001 /* Info.plist */ = {isa = PBXFileReference; lastKnownFileType = text.plist.xml; path = Info.plist; sourceTree = "<group>"; };
		8A00010F2C0A000100000001 /* DashboardViewModel.swift */ = {isa = PBXFileReference; lastKnownFileType = sourcecode.swift; path = DashboardViewModel.swift; sourceTree = "<group>"; };
		8A0001102C0A000100000001 /* LessonsViewModel.swift */ = {isa = PBXFileReference; lastKnownFileType = sourcecode.swift; path = LessonsViewModel.swift; sourceTree = "<group>"; };
		8A0001112C0A000100000001 /* ProgressViewModel.swift */ = {isa = PBXFileReference; lastKnownFileType = sourcecode.swift; path = ProgressViewModel.swift; sourceTree = "<group>"; };
		8A0001122C0A000100000001 /* SettingsViewModel.swift */ = {isa = PBXFileReference; lastKnownFileType = sourcecode.swift; path = SettingsViewModel.swift; sourceTree = "<group>"; };
		8A0001132C0A000100000001 /* SettingsView.swift */ = {isa = PBXFileReference; lastKnownFileType = sourcecode.swift; path = SettingsView.swift; sourceTree = "<group>"; };
/* End PBXFileReference section */

/* Begin PBXFrameworksBuildPhase section */
		8A0000202C0A000100000001 /* Frameworks */ = {
			isa = PBXFrameworksBuildPhase;
			buildActionMask = 2147483647;
			files = (
			);
			runOnlyForDeploymentPostprocessing = 0;
		};
/* End PBXFrameworksBuildPhase section */

/* Begin PBXGroup section */
		8A0000302C0A000100000001 = {
			isa = PBXGroup;
			children = (
				8A0000312C0A000100000001 /* MacPilot */,
				8A0000402C0A000100000001 /* Products */,
			);
			sourceTree = "<group>";
		};
		8A0000312C0A000100000001 /* MacPilot */ = {
			isa = PBXGroup;
			children = (
				8A0001012C0A000100000001 /* MacPilotApp.swift */,
				8A0001062C0A000100000001 /* ContentView.swift */,
				8A0000502C0A000100000001 /* Models */,
				8A0000512C0A000100000001 /* Services */,
				8A0000582C0A000100000001 /* ViewModels */,
				8A0000522C0A000100000001 /* Views */,
				8A00010D2C0A000100000001 /* Assets.xcassets */,
				8A00010E2C0A000100000001 /* Info.plist */,
			);
			path = MacPilot;
			sourceTree = "<group>";
		};
		8A0000402C0A000100000001 /* Products */ = {
			isa = PBXGroup;
			children = (
				8A0000102C0A000100000001 /* MacPilot.app */,
			);
			name = Products;
			sourceTree = "<group>";
		};
		8A0000502C0A000100000001 /* Models */ = {
			isa = PBXGroup;
			children = (
				8A0001022C0A000100000001 /* Lesson.swift */,
				8A0001032C0A000100000001 /* UserProgress.swift */,
				8A0001252C0A000100000001 /* Achievement.swift */,
				8A0001262C0A000100000001 /* ReviewItem.swift */,
			);
			path = Models;
			sourceTree = "<group>";
		};
		8A0000512C0A000100000001 /* Services */ = {
			isa = PBXGroup;
			children = (
				8A0001042C0A000100000001 /* MockLessonData.swift */,
				8A0001052C0A000100000001 /* SampleDataSeeder.swift */,
				8A0001272C0A000100000001 /* AchievementService.swift */,
			);
			path = Services;
			sourceTree = "<group>";
		};
		8A0000522C0A000100000001 /* Views */ = {
			isa = PBXGroup;
			children = (
				8A0000532C0A000100000001 /* Home */,
				8A00005A2C0A000100000001 /* Achievements */,
				8A0000542C0A000100000001 /* Lessons */,
				8A00005B2C0A000100000001 /* CheatSheet */,
				8A0000552C0A000100000001 /* Progress */,
				8A0000592C0A000100000001 /* Settings */,
				8A0000562C0A000100000001 /* Onboarding */,
				8A0000572C0A000100000001 /* Shared */,
			);
			path = Views;
			sourceTree = "<group>";
		};
		8A00005B2C0A000100000001 /* CheatSheet */ = {
			isa = PBXGroup;
			children = (
				8A0001292C0A000100000001 /* CheatSheetView.swift */,
			);
			path = CheatSheet;
			sourceTree = "<group>";
		};
		8A0000532C0A000100000001 /* Home */ = {
			isa = PBXGroup;
			children = (
				8A0001072C0A000100000001 /* HomeView.swift */,
				8A0001242C0A000100000001 /* ReviewCard.swift */,
			);
			path = Home;
			sourceTree = "<group>";
		};
		8A00005A2C0A000100000001 /* Achievements */ = {
			isa = PBXGroup;
			children = (
				8A0001232C0A000100000001 /* AchievementsView.swift */,
			);
			path = Achievements;
			sourceTree = "<group>";
		};
		8A0000542C0A000100000001 /* Lessons */ = {
			isa = PBXGroup;
			children = (
				8A0001082C0A000100000001 /* LessonListView.swift */,
				8A0001092C0A000100000001 /* LessonDetailView.swift */,
			);
			path = Lessons;
			sourceTree = "<group>";
		};
		8A0000552C0A000100000001 /* Progress */ = {
			isa = PBXGroup;
			children = (
				8A00010A2C0A000100000001 /* ProgressView.swift */,
			);
			path = Progress;
			sourceTree = "<group>";
		};
		8A0000562C0A000100000001 /* Onboarding */ = {
			isa = PBXGroup;
			children = (
				8A00010B2C0A000100000001 /* OnboardingView.swift */,
			);
			path = Onboarding;
			sourceTree = "<group>";
		};
		8A0000572C0A000100000001 /* Shared */ = {
			isa = PBXGroup;
			children = (
				8A00010C2C0A000100000001 /* CardView.swift */,
				8A0001212C0A000100000001 /* ConfettiView.swift */,
				8A0001222C0A000100000001 /* ProgressRing.swift */,
				8A0001282C0A000100000001 /* DesignSystem.swift */,
			);
			path = Shared;
			sourceTree = "<group>";
		};
		8A0000582C0A000100000001 /* ViewModels */ = {
			isa = PBXGroup;
			children = (
				8A00010F2C0A000100000001 /* DashboardViewModel.swift */,
				8A0001102C0A000100000001 /* LessonsViewModel.swift */,
				8A0001112C0A000100000001 /* ProgressViewModel.swift */,
				8A0001122C0A000100000001 /* SettingsViewModel.swift */,
			);
			path = ViewModels;
			sourceTree = "<group>";
		};
		8A0000592C0A000100000001 /* Settings */ = {
			isa = PBXGroup;
			children = (
				8A0001132C0A000100000001 /* SettingsView.swift */,
			);
			path = Settings;
			sourceTree = "<group>";
		};
/* End PBXGroup section */

/* Begin PBXNativeTarget section */
		8A0000602C0A000100000001 /* MacPilot */ = {
			isa = PBXNativeTarget;
			buildConfigurationList = 8A0000902C0A000100000001 /* Build configuration list for PBXNativeTarget "MacPilot" */;
			buildPhases = (
				8A0000702C0A000100000001 /* Sources */,
				8A0000202C0A000100000001 /* Frameworks */,
				8A0000802C0A000100000001 /* Resources */,
			);
			buildRules = (
			);
			dependencies = (
			);
			name = MacPilot;
			productName = MacPilot;
			productReference = 8A0000102C0A000100000001 /* MacPilot.app */;
			productType = "com.apple.product-type.application";
		};
/* End PBXNativeTarget section */

/* Begin PBXProject section */
		8A0000002C0A000100000001 /* Project object */ = {
			isa = PBXProject;
			attributes = {
				BuildIndependentTargetsInParallel = 1;
				LastSwiftUpdateCheck = 1600;
				LastUpgradeCheck = 2650;
				TargetAttributes = {
					8A0000602C0A000100000001 = {
						CreatedOnToolsVersion = 16.0;
					};
				};
			};
			buildConfigurationList = 8A0000912C0A000100000001 /* Build configuration list for PBXProject "MacPilot" */;
			compatibilityVersion = "Xcode 15.0";
			developmentRegion = en;
			hasScannedForEncodings = 0;
			knownRegions = (
				en,
				Base,
			);
			mainGroup = 8A0000302C0A000100000001;
			productRefGroup = 8A0000402C0A000100000001 /* Products */;
			projectDirPath = "";
			projectRoot = "";
			targets = (
				8A0000602C0A000100000001 /* MacPilot */,
			);
		};
/* End PBXProject section */

/* Begin PBXResourcesBuildPhase section */
		8A0000802C0A000100000001 /* Resources */ = {
			isa = PBXResourcesBuildPhase;
			buildActionMask = 2147483647;
			files = (
				8A00000D2C0A000100000001 /* Assets.xcassets in Resources */,
			);
			runOnlyForDeploymentPostprocessing = 0;
		};
/* End PBXResourcesBuildPhase section */

/* Begin PBXSourcesBuildPhase section */
		8A0000702C0A000100000001 /* Sources */ = {
			isa = PBXSourcesBuildPhase;
			buildActionMask = 2147483647;
			files = (
				8A0000012C0A000100000001 /* MacPilotApp.swift in Sources */,
				8A0000022C0A000100000001 /* Lesson.swift in Sources */,
				8A0000032C0A000100000001 /* UserProgress.swift in Sources */,
				8A0000042C0A000100000001 /* MockLessonData.swift in Sources */,
				8A0000052C0A000100000001 /* SampleDataSeeder.swift in Sources */,
				8A0000062C0A000100000001 /* ContentView.swift in Sources */,
				8A0000072C0A000100000001 /* HomeView.swift in Sources */,
				8A0000082C0A000100000001 /* LessonListView.swift in Sources */,
				8A0000092C0A000100000001 /* LessonDetailView.swift in Sources */,
				8A00000A2C0A000100000001 /* ProgressView.swift in Sources */,
				8A00000B2C0A000100000001 /* OnboardingView.swift in Sources */,
				8A00000C2C0A000100000001 /* CardView.swift in Sources */,
				8A0000272C0A000100000001 /* AchievementService.swift in Sources */,
				8A0000252C0A000100000001 /* Achievement.swift in Sources */,
				8A0000262C0A000100000001 /* ReviewItem.swift in Sources */,
				8A0000232C0A000100000001 /* AchievementsView.swift in Sources */,
				8A0000242C0A000100000001 /* ReviewCard.swift in Sources */,
				8A0000212C0A000100000001 /* ConfettiView.swift in Sources */,
				8A0000222C0A000100000001 /* ProgressRing.swift in Sources */,
				8A0000282C0A000100000001 /* DesignSystem.swift in Sources */,
				8A0000292C0A000100000001 /* CheatSheetView.swift in Sources */,
				8A00000E2C0A000100000001 /* DashboardViewModel.swift in Sources */,
				8A00000F2C0A000100000001 /* LessonsViewModel.swift in Sources */,
				8A0000112C0A000100000001 /* ProgressViewModel.swift in Sources */,
				8A0000122C0A000100000001 /* SettingsViewModel.swift in Sources */,
				8A0000132C0A000100000001 /* SettingsView.swift in Sources */,
			);
			runOnlyForDeploymentPostprocessing = 0;
		};
/* End PBXSourcesBuildPhase section */

/* Begin XCBuildConfiguration section */
		8A0000922C0A000100000001 /* Debug */ = {
			isa = XCBuildConfiguration;
			buildSettings = {
				ALWAYS_SEARCH_USER_PATHS = NO;
				CLANG_ANALYZER_NONNULL = YES;
				CLANG_ANALYZER_NUMBER_OBJECT_CONVERSION = YES_AGGRESSIVE;
				CLANG_CXX_LANGUAGE_STANDARD = "gnu++20";
				CLANG_ENABLE_MODULES = YES;
				CLANG_ENABLE_OBJC_ARC = YES;
				CLANG_ENABLE_OBJC_WEAK = YES;
				CLANG_WARN_BLOCK_CAPTURE_AUTORELEASING = YES;
				CLANG_WARN_BOOL_CONVERSION = YES;
				CLANG_WARN_COMMA = YES;
				CLANG_WARN_CONSTANT_CONVERSION = YES;
				CLANG_WARN_DEPRECATED_OBJC_IMPLEMENTATIONS = YES;
				CLANG_WARN_DIRECT_OBJC_ISA_USAGE = YES_ERROR;
				CLANG_WARN_DOCUMENTATION_COMMENTS = YES;
				CLANG_WARN_EMPTY_BODY = YES;
				CLANG_WARN_ENUM_CONVERSION = YES;
				CLANG_WARN_INFINITE_RECURSION = YES;
				CLANG_WARN_INT_CONVERSION = YES;
				CLANG_WARN_NON_LITERAL_NULL_CONVERSION = YES;
				CLANG_WARN_OBJC_IMPLICIT_RETAIN_SELF = YES;
				CLANG_WARN_OBJC_LITERAL_CONVERSION = YES;
				CLANG_WARN_OBJC_ROOT_CLASS = YES_ERROR;
				CLANG_WARN_QUOTED_INCLUDE_IN_FRAMEWORK_HEADER = YES;
				CLANG_WARN_RANGE_LOOP_ANALYSIS = YES;
				CLANG_WARN_STRICT_PROTOTYPES = YES;
				CLANG_WARN_SUSPICIOUS_MOVE = YES;
				CLANG_WARN_UNGUARDED_AVAILABILITY = YES_AGGRESSIVE;
				CLANG_WARN_UNREACHABLE_CODE = YES;
				CLANG_WARN__DUPLICATE_METHOD_MATCH = YES;
				COPY_PHASE_STRIP = NO;
				DEAD_CODE_STRIPPING = YES;
				DEBUG_INFORMATION_FORMAT = dwarf;
				ENABLE_STRICT_OBJC_MSGSEND = YES;
				ENABLE_TESTABILITY = YES;
				ENABLE_USER_SCRIPT_SANDBOXING = YES;
				GCC_C_LANGUAGE_STANDARD = gnu17;
				GCC_DYNAMIC_NO_PIC = NO;
				GCC_NO_COMMON_BLOCKS = YES;
				GCC_OPTIMIZATION_LEVEL = 0;
				GCC_PREPROCESSOR_DEFINITIONS = (
					"DEBUG=1",
					"$(inherited)",
				);
				GCC_WARN_64_TO_32_BIT_CONVERSION = YES;
				GCC_WARN_ABOUT_RETURN_TYPE = YES_ERROR;
				GCC_WARN_UNDECLARED_SELECTOR = YES;
				GCC_WARN_UNINITIALIZED_AUTOS = YES_AGGRESSIVE;
				GCC_WARN_UNUSED_FUNCTION = YES;
				GCC_WARN_UNUSED_VARIABLE = YES;
				MACOSX_DEPLOYMENT_TARGET = 26.0;
				MTL_ENABLE_DEBUG_INFO = INCLUDE_SOURCE;
				MTL_FAST_MATH = YES;
				ONLY_ACTIVE_ARCH = YES;
				SDKROOT = macosx;
				STRING_CATALOG_GENERATE_SYMBOLS = YES;
				SWIFT_ACTIVE_COMPILATION_CONDITIONS = DEBUG;
				SWIFT_OPTIMIZATION_LEVEL = "-Onone";
			};
			name = Debug;
		};
		8A0000932C0A000100000001 /* Release */ = {
			isa = XCBuildConfiguration;
			buildSettings = {
				ALWAYS_SEARCH_USER_PATHS = NO;
				CLANG_ANALYZER_NONNULL = YES;
				CLANG_ANALYZER_NUMBER_OBJECT_CONVERSION = YES_AGGRESSIVE;
				CLANG_CXX_LANGUAGE_STANDARD = "gnu++20";
				CLANG_ENABLE_MODULES = YES;
				CLANG_ENABLE_OBJC_ARC = YES;
				CLANG_ENABLE_OBJC_WEAK = YES;
				CLANG_WARN_BLOCK_CAPTURE_AUTORELEASING = YES;
				CLANG_WARN_BOOL_CONVERSION = YES;
				CLANG_WARN_COMMA = YES;
				CLANG_WARN_CONSTANT_CONVERSION = YES;
				CLANG_WARN_DEPRECATED_OBJC_IMPLEMENTATIONS = YES;
				CLANG_WARN_DIRECT_OBJC_ISA_USAGE = YES_ERROR;
				CLANG_WARN_DOCUMENTATION_COMMENTS = YES;
				CLANG_WARN_EMPTY_BODY = YES;
				CLANG_WARN_ENUM_CONVERSION = YES;
				CLANG_WARN_INFINITE_RECURSION = YES;
				CLANG_WARN_INT_CONVERSION = YES;
				CLANG_WARN_NON_LITERAL_NULL_CONVERSION = YES;
				CLANG_WARN_OBJC_IMPLICIT_RETAIN_SELF = YES;
				CLANG_WARN_OBJC_LITERAL_CONVERSION = YES;
				CLANG_WARN_OBJC_ROOT_CLASS = YES_ERROR;
				CLANG_WARN_QUOTED_INCLUDE_IN_FRAMEWORK_HEADER = YES;
				CLANG_WARN_RANGE_LOOP_ANALYSIS = YES;
				CLANG_WARN_STRICT_PROTOTYPES = YES;
				CLANG_WARN_SUSPICIOUS_MOVE = YES;
				CLANG_WARN_UNGUARDED_AVAILABILITY = YES_AGGRESSIVE;
				CLANG_WARN_UNREACHABLE_CODE = YES;
				CLANG_WARN__DUPLICATE_METHOD_MATCH = YES;
				COPY_PHASE_STRIP = NO;
				DEAD_CODE_STRIPPING = YES;
				DEBUG_INFORMATION_FORMAT = "dwarf-with-dsym";
				ENABLE_NS_ASSERTIONS = NO;
				ENABLE_STRICT_OBJC_MSGSEND = YES;
				ENABLE_USER_SCRIPT_SANDBOXING = YES;
				GCC_C_LANGUAGE_STANDARD = gnu17;
				GCC_NO_COMMON_BLOCKS = YES;
				GCC_WARN_64_TO_32_BIT_CONVERSION = YES;
				GCC_WARN_ABOUT_RETURN_TYPE = YES_ERROR;
				GCC_WARN_UNDECLARED_SELECTOR = YES;
				GCC_WARN_UNINITIALIZED_AUTOS = YES_AGGRESSIVE;
				GCC_WARN_UNUSED_FUNCTION = YES;
				GCC_WARN_UNUSED_VARIABLE = YES;
				MACOSX_DEPLOYMENT_TARGET = 26.0;
				MTL_ENABLE_DEBUG_INFO = NO;
				MTL_FAST_MATH = YES;
				SDKROOT = macosx;
				STRING_CATALOG_GENERATE_SYMBOLS = YES;
				SWIFT_COMPILATION_MODE = wholemodule;
			};
			name = Release;
		};
		8A0000942C0A000100000001 /* Debug */ = {
			isa = XCBuildConfiguration;
			buildSettings = {
				ASSETCATALOG_COMPILER_APPICON_NAME = AppIcon;
				CODE_SIGN_ENTITLEMENTS = "";
				CODE_SIGN_STYLE = Automatic;
				COMBINE_HIDPI_IMAGES = YES;
				CURRENT_PROJECT_VERSION = 1;
				DEAD_CODE_STRIPPING = YES;
				DEVELOPMENT_ASSET_PATHS = "";
				GENERATE_INFOPLIST_FILE = NO;
				INFOPLIST_FILE = MacPilot/Info.plist;
				LD_RUNPATH_SEARCH_PATHS = (
					"$(inherited)",
					"@executable_path/../Frameworks",
				);
				MARKETING_VERSION = 1.0;
				PRODUCT_BUNDLE_IDENTIFIER = com.example.MacPilot;
				PRODUCT_NAME = "$(TARGET_NAME)";
				SWIFT_EMIT_LOC_STRINGS = YES;
				SWIFT_VERSION = 5.0;
			};
			name = Debug;
		};
		8A0000952C0A000100000001 /* Release */ = {
			isa = XCBuildConfiguration;
			buildSettings = {
				ASSETCATALOG_COMPILER_APPICON_NAME = AppIcon;
				CODE_SIGN_ENTITLEMENTS = "";
				CODE_SIGN_STYLE = Automatic;
				COMBINE_HIDPI_IMAGES = YES;
				CURRENT_PROJECT_VERSION = 1;
				DEAD_CODE_STRIPPING = YES;
				GENERATE_INFOPLIST_FILE = NO;
				INFOPLIST_FILE = MacPilot/Info.plist;
				LD_RUNPATH_SEARCH_PATHS = (
					"$(inherited)",
					"@executable_path/../Frameworks",
				);
				MARKETING_VERSION = 1.0;
				PRODUCT_BUNDLE_IDENTIFIER = com.example.MacPilot;
				PRODUCT_NAME = "$(TARGET_NAME)";
				SWIFT_EMIT_LOC_STRINGS = YES;
				SWIFT_VERSION = 5.0;
			};
			name = Release;
		};
/* End XCBuildConfiguration section */

/* Begin XCConfigurationList section */
		8A0000902C0A000100000001 /* Build configuration list for PBXNativeTarget "MacPilot" */ = {
			isa = XCConfigurationList;
			buildConfigurations = (
				8A0000942C0A000100000001 /* Debug */,
				8A0000952C0A000100000001 /* Release */,
			);
			defaultConfigurationIsVisible = 0;
			defaultConfigurationName = Release;
		};
		8A0000912C0A000100000001 /* Build configuration list for PBXProject "MacPilot" */ = {
			isa = XCConfigurationList;
			buildConfigurations = (
				8A0000922C0A000100000001 /* Debug */,
				8A0000932C0A000100000001 /* Release */,
			);
			defaultConfigurationIsVisible = 0;
			defaultConfigurationName = Release;
		};
/* End XCConfigurationList section */
	};
	rootObject = 8A0000002C0A000100000001 /* Project object */;
}
